PODS:
  - "!ProtoCompiler (3.5.0)":
    - Protobuf (~> 3.0)
  - "!ProtoCompiler-gRPCPlugin (1.13.0)":
    - "!ProtoCompiler (= 3.5.0)"
    - gRPC-ProtoRPC (= 1.13.0)
  - Auth0 (1.19.0):
    - SimpleKeychain
  - BoringSSL (10.0.6):
    - BoringSSL/Implementation (= 10.0.6)
    - BoringSSL/Interface (= 10.0.6)
  - BoringSSL/Implementation (10.0.6):
    - BoringSSL/Interface (= 10.0.6)
  - BoringSSL/Interface (10.0.6)
  - Eureka (5.0.1)
  - GoogleMaps (3.6.0):
    - GoogleMaps/Maps (= 3.6.0)
  - GoogleMaps/Base (3.6.0)
  - GoogleMaps/Maps (3.6.0):
    - GoogleMaps/Base
  - GooglePlaces (3.6.0):
    - GoogleMaps/Base (= 3.6.0)
  - gRPC (1.13.0):
    - gRPC-RxLibrary (= 1.13.0)
    - gRPC/Main (= 1.13.0)
  - gRPC-Core (1.13.0):
    - gRPC-Core/Implementation (= 1.13.0)
    - gRPC-Core/Interface (= 1.13.0)
  - gRPC-Core/Implementation (1.13.0):
    - BoringSSL (~> 10.0)
    - gRPC-Core/Interface (= 1.13.0)
    - nanopb (~> 0.3)
  - gRPC-Core/Interface (1.13.0)
  - gRPC-ProtoRPC (1.13.0):
    - gRPC-ProtoRPC/Main (= 1.13.0)
  - gRPC-ProtoRPC/Main (1.13.0):
    - gRPC (= 1.13.0)
    - gRPC-RxLibrary (= 1.13.0)
    - Protobuf (~> 3.0)
  - gRPC-RxLibrary (1.13.0)
  - gRPC/Main (1.13.0):
    - gRPC-Core (= 1.13.0)
    - gRPC-RxLibrary (= 1.13.0)
  - JWTDecode (2.3.1)
  - Lock (2.13.1):
    - Auth0 (~> 1.18)
    - Lock/Classic (= 2.13.1)
  - Lock/Classic (2.13.1):
    - Auth0 (~> 1.18)
  - Mapbox-iOS-SDK (5.4.0)
  - MapboxCoreNavigation (0.38.0):
    - MapboxDirections.swift (~> 0.30.0)
    - MapboxMobileEvents (~> 0.9.5)
    - MapboxNavigationNative (~> 6.2.1)
    - Turf (~> 0.3.0)
  - MapboxDirections.swift (0.30.0):
    - Polyline (~> 4.2)
  - MapboxMobileEvents (0.9.5)
  - MapboxNavigation (0.38.0):
    - Mapbox-iOS-SDK (~> 5.2)
    - MapboxCoreNavigation (= 0.38.0)
    - MapboxSpeech (~> 0.1.0)
    - Solar (~> 2.1)
  - MapboxNavigationNative (6.2.1)
  - MapboxSpeech (0.1.1)
  - MarqueeLabel (4.0.0)
  - nanopb (0.3.9011):
    - nanopb/decode (= 0.3.9011)
    - nanopb/encode (= 0.3.9011)
  - nanopb/decode (0.3.9011)
  - nanopb/encode (0.3.9011)
  - NicoProgress (0.1.5)
  - NotificationBannerSwift (2.5.1):
    - MarqueeLabel (~> 4.0.0)
    - SnapKit (~> 5.0.0)
  - Polyline (4.2.1)
  - Protobuf (3.10.0)
  - ReachabilitySwift (4.3.1)
  - RideOsApi (0.1.2):
    - "!ProtoCompiler-gRPCPlugin (~> 1.13.0)"
    - RideOsApi/Messages (= 0.1.2)
    - RideOsApi/Services (= 0.1.2)
  - RideOsApi/Messages (0.1.2):
    - "!ProtoCompiler-gRPCPlugin (~> 1.13.0)"
    - Protobuf
  - RideOsApi/Services (0.1.2):
    - "!ProtoCompiler-gRPCPlugin (~> 1.13.0)"
    - gRPC-ProtoRPC
    - RideOsApi/Messages
  - RideOsCommon (0.2.0):
    - Auth0 (~> 1.15)
    - Eureka (~> 5.0.0)
    - JWTDecode (~> 2.1)
    - Lock (~> 2.10)
    - NicoProgress (~> 0.1)
    - NotificationBannerSwift (~> 2.1)
    - Polyline (~> 4.2)
    - RideOsApi (~> 0.1)
    - RxCocoa (~> 4.4)
    - RxOptional (~> 3.6)
    - RxReachability (~> 0.1)
    - RxSwift (~> 4.4)
    - RxSwiftExt (~> 3.4)
    - SwiftSimplify (~> 0.2)
  - RideOsDriver (0.2.0):
    - MapboxNavigation (~> 0.34)
    - Polyline (~> 4.2)
    - Protobuf (~> 3.9)
    - RideOsApi (~> 0.1)
    - RideOsCommon (~> 0.1)
    - RxCocoa (~> 4.4)
    - RxOptional (~> 3.6)
    - RxSwift (~> 4.4)
    - RxSwiftExt (~> 3.4)
    - SideMenu (~> 5.0)
    - Turf (~> 0.3)
  - RideOsGoogleMaps (0.2.0):
    - GoogleMaps (~> 3.2)
    - GooglePlaces (~> 3.2)
    - RideOsCommon (~> 0.1)
    - RxSwift (~> 4.4)
  - RxCocoa (4.5.0):
    - RxSwift (>= 4.4.2, ~> 4.4)
  - RxOptional (3.6.2):
    - RxCocoa (~> 4.0)
    - RxSwift (~> 4.0)
  - RxReachability (0.1.8):
    - ReachabilitySwift (~> 4.3.0)
    - RxCocoa (~> 4)
    - RxSwift (~> 4)
  - RxSwift (4.5.0)
  - RxSwiftExt (3.4.0):
    - RxSwiftExt/Core (= 3.4.0)
    - RxSwiftExt/RxCocoa (= 3.4.0)
  - RxSwiftExt/Core (3.4.0):
    - RxSwift (~> 4.0)
  - RxSwiftExt/RxCocoa (3.4.0):
    - RxCocoa (~> 4.0)
    - RxSwiftExt/Core
  - SideMenu (5.0.3)
  - SimpleKeychain (0.9.0)
  - SnapKit (5.0.1)
  - Solar (2.1.0)
  - SwiftSimplify (0.2.0)
  - Turf (0.3.0)

DEPENDENCIES:
  - RideOsApi (from `https://github.com/rideOS/rideos-api-ios.git`, tag `0.1.2`)
  - RideOsCommon (from `https://github.com/rideOS/rideos-sdk-ios.git`, tag `0.3.0`)
  - RideOsDriver (from `https://github.com/rideOS/rideos-sdk-ios.git`, tag `0.3.0`)
  - RideOsGoogleMaps (from `https://github.com/rideOS/rideos-sdk-ios.git`, tag `0.3.0`)

SPEC REPOS:
  https://github.com/cocoapods/specs.git:
    - "!ProtoCompiler"
    - "!ProtoCompiler-gRPCPlugin"
    - Auth0
    - BoringSSL
    - Eureka
    - GoogleMaps
    - GooglePlaces
    - gRPC
    - gRPC-Core
    - gRPC-ProtoRPC
    - gRPC-RxLibrary
    - JWTDecode
    - Lock
    - Mapbox-iOS-SDK
    - MapboxCoreNavigation
    - MapboxDirections.swift
    - MapboxMobileEvents
    - MapboxNavigation
    - MapboxNavigationNative
    - MapboxSpeech
    - MarqueeLabel
    - nanopb
    - NicoProgress
    - NotificationBannerSwift
    - Polyline
    - Protobuf
    - ReachabilitySwift
    - RxCocoa
    - RxOptional
    - RxReachability
    - RxSwift
    - RxSwiftExt
    - SideMenu
    - SimpleKeychain
    - SnapKit
    - Solar
    - SwiftSimplify
    - Turf

EXTERNAL SOURCES:
  RideOsApi:
    :git: https://github.com/rideOS/rideos-api-ios.git
    :tag: 0.1.2
  RideOsCommon:
    :git: https://github.com/rideOS/rideos-sdk-ios.git
    :tag: 0.3.0
  RideOsDriver:
    :git: https://github.com/rideOS/rideos-sdk-ios.git
    :tag: 0.3.0
  RideOsGoogleMaps:
    :git: https://github.com/rideOS/rideos-sdk-ios.git
    :tag: 0.3.0

CHECKOUT OPTIONS:
  RideOsApi:
    :git: https://github.com/rideOS/rideos-api-ios.git
    :tag: 0.1.2
  RideOsCommon:
    :git: https://github.com/rideOS/rideos-sdk-ios.git
    :tag: 0.3.0
  RideOsDriver:
    :git: https://github.com/rideOS/rideos-sdk-ios.git
    :tag: 0.3.0
  RideOsGoogleMaps:
    :git: https://github.com/rideOS/rideos-sdk-ios.git
    :tag: 0.3.0

SPEC CHECKSUMS:
  "!ProtoCompiler": 3e9dc8340c8f1bbab40aa0f5acb965a4be02f849
  "!ProtoCompiler-gRPCPlugin": ecc935069530285c08fc5d2df3ab73e466352f4a
  Auth0: dfe8d40e580d22f7b35539da377c8709edcd6a5a
  BoringSSL: e10f92a27043805c01071fe815a5cd98ae8212e7
  Eureka: da9d2294da234eae40b22e7273b9fc2335502fc1
  GoogleMaps: 82f8fe307193bb4de6ef6bf9e88f1d624b718f9d
  GooglePlaces: 1b9d29cf3e164903d873600f511f42acdfe85294
  gRPC: 81b990caa01d7c32605d300c2ffd1b5ba0ef9e49
  gRPC-Core: a56b086a8ef5ced6f6ba5be5bc0a63fca185015a
  gRPC-ProtoRPC: 842797fbe05dfcf891afb4a5048e5ccf5f06ef86
  gRPC-RxLibrary: fa6852f98d6ec0b73c0ec2f6406c26943099d501
  JWTDecode: 222f79e3df85a3b02028822fca950058961460e6
  Lock: 7dc25ed27c29fc8e408f612b8a624f7363c90713
  Mapbox-iOS-SDK: 2b58f752d94e57e95b8e54f3b52569199f6efdba
  MapboxCoreNavigation: b62c92175b67bdabc28cf977d1584de2ed40e479
  MapboxDirections.swift: 1c6df988c24b753888ebd9976d7c98632501a413
  MapboxMobileEvents: f6c21b2e59066c5c7093585de7c15adae3b63da0
  MapboxNavigation: fb5e34ad36b89aab96aa89c637502fe79896bb45
  MapboxNavigationNative: 11dc22140f4698d3f26989f2b6379dc81ef0d4c1
  MapboxSpeech: 59b3984d3f433a443d24acf53097f918c5cc70f9
  MarqueeLabel: b55b26e690b6ad41faedd95cbf5eae6f1d1735b4
  nanopb: 18003b5e52dab79db540fe93fe9579f399bd1ccd
  NicoProgress: ba7bc224583e5a4c637a3397d256187fe72e139f
  NotificationBannerSwift: e55dd801b0d78f1a7bacb10d722a935ec95f94a3
  Polyline: 0e9890790292741c8186201a536b6bb6a78d02dd
  Protobuf: a4dc852ad69c027ca2166ed287b856697814375b
  ReachabilitySwift: 4032e2f59586e11e3b0ebe15b167abdd587a388b
  RideOsApi: ef3edac1961d5dbd147f49a374b1d7022fcf369e
  RideOsCommon: 80f94cd5a80b377239b78f07e183c03614782588
  RideOsDriver: 440ab937a2286d8704f9cc9c8d10b975c37913d6
  RideOsGoogleMaps: a28082aa75c9e31ff252df85d8de1c3aceb10973
  RxCocoa: cbf70265dc65a981d4ac982e513c10cf23df24a0
  RxOptional: 80426a0ddbd092573e4c482d8cc13302078c4d5e
  RxReachability: 053f2d913db44998242ade488ccaef558f3ce7cb
  RxSwift: f172070dfd1a93d70a9ab97a5a01166206e1c575
  RxSwiftExt: 01f8ecbeeb355698e9c75365ebe908b00dacf45d
  SideMenu: 1dcaabce84538c53325c287f7fe62999379a641c
  SimpleKeychain: 3be49072fd2d82de8fa83d847ef1e548622f8fc5
  SnapKit: 97b92857e3df3a0c71833cce143274bf6ef8e5eb
  Solar: 2dc6e7cc39186cb0c8228fa08df76fb50c7d8f24
  SwiftSimplify: 374ead1c360c6e236539543d6ce5b3abda011080
  Turf: c6bdf62d6a70c647874f295dd1cf4eefc0c3e9e6

PODFILE CHECKSUM: dae195ff770c4571847ac1b00224c61c9340e23c

COCOAPODS: 1.7.5
